
Microsoft Visual Studio Solution File, Format Version 12.00
# Visual Studio Version 17
VisualStudioVersion = 17.2.32526.322
MinimumVisualStudioVersion = 10.0.40219.1
Project("{2150E333-8FDC-42A3-9474-1A3956D46DE8}") = "Doc", "Doc", "{4E20C887-C782-4A75-BB8A-64FF4C31AD2C}"
	ProjectSection(SolutionItems) = preProject
		.travis.yml = .travis.yml
		appveyor.yml_ = appveyor.yml_
		README.md = README.md
	EndProjectSection
EndProject
Project("{9A19103F-16F7-4668-BE54-9A1E7A4F7556}") = "HangfireJobTask", "Samples\HangfireJobTask\HangfireJobTask.csproj", "{119E487C-7EBB-47D5-BBA0-12343B39A7D6}"
EndProject
Project("{2150E333-8FDC-42A3-9474-1A3956D46DE8}") = "Solution Items", "Solution Items", "{D4263C48-F3B7-44EB-9EA6-BA238C0EC7AC}"
	ProjectSection(SolutionItems) = preProject
		nuget.config = nuget.config
	EndProjectSection
EndProject
Project("{9A19103F-16F7-4668-BE54-9A1E7A4F7556}") = "Hangfire.Dashboard.Management", "src\Hangfire.Dashboard.Management\Hangfire.Dashboard.Management.csproj", "{78ECA3D5-9C18-49FF-AEB2-467693CA883C}"
EndProject
Project("{9A19103F-16F7-4668-BE54-9A1E7A4F7556}") = "Hangfire.Dashboard.Management.AppServer", "Samples\Hangfire.Dashboard.Management.AppServer\Hangfire.Dashboard.Management.AppServer.csproj", "{8850D939-0341-43C4-BD45-2D8DB2C8BDE9}"
EndProject
Project("{9A19103F-16F7-4668-BE54-9A1E7A4F7556}") = "Hangfire.Dashboard.Management.Abstractions", "src\Hangfire.Dashboard.Management.Abstractions\Hangfire.Dashboard.Management.Abstractions.csproj", "{15392103-58CC-4C99-8168-29BD5273329D}"
EndProject
Project("{2150E333-8FDC-42A3-9474-1A3956D46DE8}") = "src", "src", "{4539F204-63D8-4E60-8E34-41858E9A42B8}"
EndProject
Project("{2150E333-8FDC-42A3-9474-1A3956D46DE8}") = "Samples", "Samples", "{26B41A5F-50F9-44B8-938E-2EA3861C815D}"
EndProject
Project("{9A19103F-16F7-4668-BE54-9A1E7A4F7556}") = "Hangfire.Dashboard.Management.WebServer.Core", "Samples\Hangfire.Dashboard.Management.WebServer.Core\Hangfire.Dashboard.Management.WebServer.Core.csproj", "{97A82BDD-745B-4ED3-A0DF-EFF98BB8F4C5}"
EndProject
Global
	GlobalSection(SolutionConfigurationPlatforms) = preSolution
		Debug|Any CPU = Debug|Any CPU
		Release|Any CPU = Release|Any CPU
	EndGlobalSection
	GlobalSection(ProjectConfigurationPlatforms) = postSolution
		{119E487C-7EBB-47D5-BBA0-12343B39A7D6}.Debug|Any CPU.ActiveCfg = Debug|Any CPU
		{119E487C-7EBB-47D5-BBA0-12343B39A7D6}.Debug|Any CPU.Build.0 = Debug|Any CPU
		{119E487C-7EBB-47D5-BBA0-12343B39A7D6}.Release|Any CPU.ActiveCfg = Release|Any CPU
		{119E487C-7EBB-47D5-BBA0-12343B39A7D6}.Release|Any CPU.Build.0 = Release|Any CPU
		{78ECA3D5-9C18-49FF-AEB2-467693CA883C}.Debug|Any CPU.ActiveCfg = Debug|Any CPU
		{78ECA3D5-9C18-49FF-AEB2-467693CA883C}.Debug|Any CPU.Build.0 = Debug|Any CPU
		{78ECA3D5-9C18-49FF-AEB2-467693CA883C}.Release|Any CPU.ActiveCfg = Release|Any CPU
		{78ECA3D5-9C18-49FF-AEB2-467693CA883C}.Release|Any CPU.Build.0 = Release|Any CPU
		{8850D939-0341-43C4-BD45-2D8DB2C8BDE9}.Debug|Any CPU.ActiveCfg = Debug|Any CPU
		{8850D939-0341-43C4-BD45-2D8DB2C8BDE9}.Debug|Any CPU.Build.0 = Debug|Any CPU
		{8850D939-0341-43C4-BD45-2D8DB2C8BDE9}.Release|Any CPU.ActiveCfg = Release|Any CPU
		{8850D939-0341-43C4-BD45-2D8DB2C8BDE9}.Release|Any CPU.Build.0 = Release|Any CPU
		{15392103-58CC-4C99-8168-29BD5273329D}.Debug|Any CPU.ActiveCfg = Debug|Any CPU
		{15392103-58CC-4C99-8168-29BD5273329D}.Debug|Any CPU.Build.0 = Debug|Any CPU
		{15392103-58CC-4C99-8168-29BD5273329D}.Release|Any CPU.ActiveCfg = Release|Any CPU
		{15392103-58CC-4C99-8168-29BD5273329D}.Release|Any CPU.Build.0 = Release|Any CPU
		{97A82BDD-745B-4ED3-A0DF-EFF98BB8F4C5}.Debug|Any CPU.ActiveCfg = Debug|Any CPU
		{97A82BDD-745B-4ED3-A0DF-EFF98BB8F4C5}.Debug|Any CPU.Build.0 = Debug|Any CPU
		{97A82BDD-745B-4ED3-A0DF-EFF98BB8F4C5}.Release|Any CPU.ActiveCfg = Release|Any CPU
		{97A82BDD-745B-4ED3-A0DF-EFF98BB8F4C5}.Release|Any CPU.Build.0 = Release|Any CPU
	EndGlobalSection
	GlobalSection(SolutionProperties) = preSolution
		HideSolutionNode = FALSE
	EndGlobalSection
	GlobalSection(NestedProjects) = preSolution
		{119E487C-7EBB-47D5-BBA0-12343B39A7D6} = {26B41A5F-50F9-44B8-938E-2EA3861C815D}
		{78ECA3D5-9C18-49FF-AEB2-467693CA883C} = {4539F204-63D8-4E60-8E34-41858E9A42B8}
		{8850D939-0341-43C4-BD45-2D8DB2C8BDE9} = {26B41A5F-50F9-44B8-938E-2EA3861C815D}
		{15392103-58CC-4C99-8168-29BD5273329D} = {4539F204-63D8-4E60-8E34-41858E9A42B8}
		{97A82BDD-745B-4ED3-A0DF-EFF98BB8F4C5} = {26B41A5F-50F9-44B8-938E-2EA3861C815D}
	EndGlobalSection
	GlobalSection(ExtensibilityGlobals) = postSolution
		SolutionGuid = {67A1CBD5-1937-45C3-A1DD-E18482F8079F}
	EndGlobalSection
EndGlobal
