
Microsoft Visual Studio Solution File, Format Version 12.00
# Visual Studio Version 16
VisualStudioVersion = 16.0.28803.352
MinimumVisualStudioVersion = 10.0.40219.1
Project("{2150E333-8FDC-42A3-9474-1A3956D46DE8}") = "Doc", "Doc", "{4E20C887-C782-4A75-BB8A-64FF4C31AD2C}"
	ProjectSection(SolutionItems) = preProject
		README.md = README.md
	EndProjectSection
EndProject
Project("{9A19103F-16F7-4668-BE54-9A1E7A4F7556}") = "HangfireJobTask", "HangfireJobTask\HangfireJobTask.csproj", "{119E487C-7EBB-47D5-BBA0-12343B39A7D6}"
EndProject
Project("{2150E333-8FDC-42A3-9474-1A3956D46DE8}") = "Solution Items", "Solution Items", "{D4263C48-F3B7-44EB-9EA6-BA238C0EC7AC}"
	ProjectSection(SolutionItems) = preProject
		nuget.config = nuget.config
	EndProjectSection
EndProject
Project("{9A19103F-16F7-4668-BE54-9A1E7A4F7556}") = "Hangfire.Dashboard.Management", "Hangfire.Dashboard.Management\Hangfire.Dashboard.Management.csproj", "{78ECA3D5-9C18-49FF-AEB2-467693CA883C}"
EndProject
Project("{9A19103F-16F7-4668-BE54-9A1E7A4F7556}") = "Hangfire.Dashboard.Management.WebServer", "Hangfire.Dashboard.Management.WebServer\Hangfire.Dashboard.Management.WebServer.csproj", "{38A89B06-33DA-4B25-899E-1CC0A833104F}"
EndProject
Global
	GlobalSection(SolutionConfigurationPlatforms) = preSolution
		Debug|Any CPU = Debug|Any CPU
		Release|Any CPU = Release|Any CPU
	EndGlobalSection
	GlobalSection(ProjectConfigurationPlatforms) = postSolution
		{119E487C-7EBB-47D5-BBA0-12343B39A7D6}.Debug|Any CPU.ActiveCfg = Debug|Any CPU
		{119E487C-7EBB-47D5-BBA0-12343B39A7D6}.Debug|Any CPU.Build.0 = Debug|Any CPU
		{119E487C-7EBB-47D5-BBA0-12343B39A7D6}.Release|Any CPU.ActiveCfg = Release|Any CPU
		{119E487C-7EBB-47D5-BBA0-12343B39A7D6}.Release|Any CPU.Build.0 = Release|Any CPU
		{78ECA3D5-9C18-49FF-AEB2-467693CA883C}.Debug|Any CPU.ActiveCfg = Debug|Any CPU
		{78ECA3D5-9C18-49FF-AEB2-467693CA883C}.Debug|Any CPU.Build.0 = Debug|Any CPU
		{78ECA3D5-9C18-49FF-AEB2-467693CA883C}.Release|Any CPU.ActiveCfg = Release|Any CPU
		{78ECA3D5-9C18-49FF-AEB2-467693CA883C}.Release|Any CPU.Build.0 = Release|Any CPU
		{38A89B06-33DA-4B25-899E-1CC0A833104F}.Debug|Any CPU.ActiveCfg = Debug|Any CPU
		{38A89B06-33DA-4B25-899E-1CC0A833104F}.Debug|Any CPU.Build.0 = Debug|Any CPU
		{38A89B06-33DA-4B25-899E-1CC0A833104F}.Release|Any CPU.ActiveCfg = Release|Any CPU
		{38A89B06-33DA-4B25-899E-1CC0A833104F}.Release|Any CPU.Build.0 = Release|Any CPU
	EndGlobalSection
	GlobalSection(SolutionProperties) = preSolution
		HideSolutionNode = FALSE
	EndGlobalSection
	GlobalSection(ExtensibilityGlobals) = postSolution
		SolutionGuid = {67A1CBD5-1937-45C3-A1DD-E18482F8079F}
	EndGlobalSection
EndGlobal
